// !$*UTF8*$!
{
	archiveVersion = 1;
	classes = {
	};
	objectVersion = 50;
	objects = {

/* Begin PBXBuildFile section */
		A65B9970226D8D5A004F8EE8 /* AppDelegate.swift in Sources */ = {isa = PBXBuildFile; fileRef = A65B996F226D8D5A004F8EE8 /* AppDelegate.swift */; };
		A65B9972226D8D5A004F8EE8 /* MasterViewController.swift in Sources */ = {isa = PBXBuildFile; fileRef = A65B9971226D8D5A004F8EE8 /* MasterViewController.swift */; };
		A65B9974226D8D5A004F8EE8 /* DetailViewController.swift in Sources */ = {isa = PBXBuildFile; fileRef = A65B9973226D8D5A004F8EE8 /* DetailViewController.swift */; };
		A65B9977226D8D5A004F8EE8 /* Main.storyboard in Resources */ = {isa = PBXBuildFile; fileRef = A65B9975226D8D5A004F8EE8 /* Main.storyboard */; };
		A65B9979226D8D5C004F8EE8 /* Assets.xcassets in Resources */ = {isa = PBXBuildFile; fileRef = A65B9978226D8D5C004F8EE8 /* Assets.xcassets */; };
		A65B997C226D8D5C004F8EE8 /* LaunchScreen.storyboard in Resources */ = {isa = PBXBuildFile; fileRef = A65B997A226D8D5C004F8EE8 /* LaunchScreen.storyboard */; };
		A65B9987226D8D5C004F8EE8 /* HelpfeelSkeleton2Tests.swift in Sources */ = {isa = PBXBuildFile; fileRef = A65B9986226D8D5C004F8EE8 /* HelpfeelSkeleton2Tests.swift */; };
		A65B9992226D8D5C004F8EE8 /* HelpfeelSkeleton2UITests.swift in Sources */ = {isa = PBXBuildFile; fileRef = A65B9991226D8D5C004F8EE8 /* HelpfeelSkeleton2UITests.swift */; };
		A65B99A3226DA9E2004F8EE8 /* WebKit.framework in Frameworks */ = {isa = PBXBuildFile; fileRef = A65B99A2226DA9E2004F8EE8 /* WebKit.framework */; };
		A65B99A5226DAB23004F8EE8 /* HelpfeelViewController.swift in Sources */ = {isa = PBXBuildFile; fileRef = A65B99A4226DAB23004F8EE8 /* HelpfeelViewController.swift */; };
/* End PBXBuildFile section */

/* Begin PBXContainerItemProxy section */
		A65B9983226D8D5C004F8EE8 /* PBXContainerItemProxy */ = {
			isa = PBXContainerItemProxy;
			containerPortal = A65B9964226D8D5A004F8EE8 /* Project object */;
			proxyType = 1;
			remoteGlobalIDString = A65B996B226D8D5A004F8EE8;
			remoteInfo = HelpfeelSkeleton2;
		};
		A65B998E226D8D5C004F8EE8 /* PBXContainerItemProxy */ = {
			isa = PBXContainerItemProxy;
			containerPortal = A65B9964226D8D5A004F8EE8 /* Project object */;
			proxyType = 1;
			remoteGlobalIDString = A65B996B226D8D5A004F8EE8;
			remoteInfo = HelpfeelSkeleton2;
		};
/* End PBXContainerItemProxy section */

/* Begin PBXFileReference section */
		A65B996C226D8D5A004F8EE8 /* HelpfeelSkeleton2.app */ = {isa = PBXFileReference; explicitFileType = wrapper.application; includeInIndex = 0; path = HelpfeelSkeleton2.app; sourceTree = BUILT_PRODUCTS_DIR; };
		A65B996F226D8D5A004F8EE8 /* AppDelegate.swift */ = {isa = PBXFileReference; lastKnownFileType = sourcecode.swift; path = AppDelegate.swift; sourceTree = "<group>"; };
		A65B9971226D8D5A004F8EE8 /* MasterViewController.swift */ = {isa = PBXFileReference; lastKnownFileType = sourcecode.swift; path = MasterViewController.swift; sourceTree = "<group>"; };
		A65B9973226D8D5A004F8EE8 /* DetailViewController.swift */ = {isa = PBXFileReference; lastKnownFileType = sourcecode.swift; path = DetailViewController.swift; sourceTree = "<group>"; };
		A65B9976226D8D5A004F8EE8 /* Base */ = {isa = PBXFileReference; lastKnownFileType = file.storyboard; name = Base; path = Base.lproj/Main.storyboard; sourceTree = "<group>"; };
		A65B9978226D8D5C004F8EE8 /* Assets.xcassets */ = {isa = PBXFileReference; lastKnownFileType = folder.assetcatalog; path = Assets.xcassets; sourceTree = "<group>"; };
		A65B997B226D8D5C004F8EE8 /* Base */ = {isa = PBXFileReference; lastKnownFileType = file.storyboard; name = Base; path = Base.lproj/LaunchScreen.storyboard; sourceTree = "<group>"; };
		A65B997D226D8D5C004F8EE8 /* Info.plist */ = {isa = PBXFileReference; lastKnownFileType = text.plist.xml; path = Info.plist; sourceTree = "<group>"; };
		A65B9982226D8D5C004F8EE8 /* HelpfeelSkeleton2Tests.xctest */ = {isa = PBXFileReference; explicitFileType = wrapper.cfbundle; includeInIndex = 0; path = HelpfeelSkeleton2Tests.xctest; sourceTree = BUILT_PRODUCTS_DIR; };
		A65B9986226D8D5C004F8EE8 /* HelpfeelSkeleton2Tests.swift */ = {isa = PBXFileReference; lastKnownFileType = sourcecode.swift; path = HelpfeelSkeleton2Tests.swift; sourceTree = "<group>"; };
		A65B9988226D8D5C004F8EE8 /* Info.plist */ = {isa = PBXFileReference; lastKnownFileType = text.plist.xml; path = Info.plist; sourceTree = "<group>"; };
		A65B998D226D8D5C004F8EE8 /* HelpfeelSkeleton2UITests.xctest */ = {isa = PBXFileReference; explicitFileType = wrapper.cfbundle; includeInIndex = 0; path = HelpfeelSkeleton2UITests.xctest; sourceTree = BUILT_PRODUCTS_DIR; };
		A65B9991226D8D5C004F8EE8 /* HelpfeelSkeleton2UITests.swift */ = {isa = PBXFileReference; lastKnownFileType = sourcecode.swift; path = HelpfeelSkeleton2UITests.swift; sourceTree = "<group>"; };
		A65B9993226D8D5C004F8EE8 /* Info.plist */ = {isa = PBXFileReference; lastKnownFileType = text.plist.xml; path = Info.plist; sourceTree = "<group>"; };
		A65B99A2226DA9E2004F8EE8 /* WebKit.framework */ = {isa = PBXFileReference; lastKnownFileType = wrapper.framework; name = WebKit.framework; path = System/Library/Frameworks/WebKit.framework; sourceTree = SDKROOT; };
		A65B99A4226DAB23004F8EE8 /* HelpfeelViewController.swift */ = {isa = PBXFileReference; lastKnownFileType = sourcecode.swift; path = HelpfeelViewController.swift; sourceTree = "<group>"; };
/* End PBXFileReference section */

/* Begin PBXFrameworksBuildPhase section */
		A65B9969226D8D5A004F8EE8 /* Frameworks */ = {
			isa = PBXFrameworksBuildPhase;
			buildActionMask = 2147483647;
			files = (
				A65B99A3226DA9E2004F8EE8 /* WebKit.framework in Frameworks */,
			);
			runOnlyForDeploymentPostprocessing = 0;
		};
		A65B997F226D8D5C004F8EE8 /* Frameworks */ = {
			isa = PBXFrameworksBuildPhase;
			buildActionMask = 2147483647;
			files = (
			);
			runOnlyForDeploymentPostprocessing = 0;
		};
		A65B998A226D8D5C004F8EE8 /* Frameworks */ = {
			isa = PBXFrameworksBuildPhase;
			buildActionMask = 2147483647;
			files = (
			);
			runOnlyForDeploymentPostprocessing = 0;
		};
/* End PBXFrameworksBuildPhase section */

/* Begin PBXGroup section */
		A65B9963226D8D5A004F8EE8 = {
			isa = PBXGroup;
			children = (
				A65B996E226D8D5A004F8EE8 /* HelpfeelSkeleton2 */,
				A65B9985226D8D5C004F8EE8 /* HelpfeelSkeleton2Tests */,
				A65B9990226D8D5C004F8EE8 /* HelpfeelSkeleton2UITests */,
				A65B996D226D8D5A004F8EE8 /* Products */,
				A65B99A1226DA9E2004F8EE8 /* Frameworks */,
			);
			sourceTree = "<group>";
		};
		A65B996D226D8D5A004F8EE8 /* Products */ = {
			isa = PBXGroup;
			children = (
				A65B996C226D8D5A004F8EE8 /* HelpfeelSkeleton2.app */,
				A65B9982226D8D5C004F8EE8 /* HelpfeelSkeleton2Tests.xctest */,
				A65B998D226D8D5C004F8EE8 /* HelpfeelSkeleton2UITests.xctest */,
			);
			name = Products;
			sourceTree = "<group>";
		};
		A65B996E226D8D5A004F8EE8 /* HelpfeelSkeleton2 */ = {
			isa = PBXGroup;
			children = (
				A65B996F226D8D5A004F8EE8 /* AppDelegate.swift */,
				A65B9971226D8D5A004F8EE8 /* MasterViewController.swift */,
				A65B9973226D8D5A004F8EE8 /* DetailViewController.swift */,
				A65B9975226D8D5A004F8EE8 /* Main.storyboard */,
				A65B9978226D8D5C004F8EE8 /* Assets.xcassets */,
				A65B997A226D8D5C004F8EE8 /* LaunchScreen.storyboard */,
				A65B997D226D8D5C004F8EE8 /* Info.plist */,
				A65B99A4226DAB23004F8EE8 /* HelpfeelViewController.swift */,
			);
			path = HelpfeelSkeleton2;
			sourceTree = "<group>";
		};
		A65B9985226D8D5C004F8EE8 /* HelpfeelSkeleton2Tests */ = {
			isa = PBXGroup;
			children = (
				A65B9986226D8D5C004F8EE8 /* HelpfeelSkeleton2Tests.swift */,
				A65B9988226D8D5C004F8EE8 /* Info.plist */,
			);
			path = HelpfeelSkeleton2Tests;
			sourceTree = "<group>";
		};
		A65B9990226D8D5C004F8EE8 /* HelpfeelSkeleton2UITests */ = {
			isa = PBXGroup;
			children = (
				A65B9991226D8D5C004F8EE8 /* HelpfeelSkeleton2UITests.swift */,
				A65B9993226D8D5C004F8EE8 /* Info.plist */,
			);
			path = HelpfeelSkeleton2UITests;
			sourceTree = "<group>";
		};
		A65B99A1226DA9E2004F8EE8 /* Frameworks */ = {
			isa = PBXGroup;
			children = (
				A65B99A2226DA9E2004F8EE8 /* WebKit.framework */,
			);
			name = Frameworks;
			sourceTree = "<group>";
		};
/* End PBXGroup section */

/* Begin PBXNativeTarget section */
		A65B996B226D8D5A004F8EE8 /* HelpfeelSkeleton2 */ = {
			isa = PBXNativeTarget;
			buildConfigurationList = A65B9996226D8D5C004F8EE8 /* Build configuration list for PBXNativeTarget "HelpfeelSkeleton2" */;
			buildPhases = (
				A65B9968226D8D5A004F8EE8 /* Sources */,
				A65B9969226D8D5A004F8EE8 /* Frameworks */,
				A65B996A226D8D5A004F8EE8 /* Resources */,
			);
			buildRules = (
			);
			dependencies = (
			);
			name = HelpfeelSkeleton2;
			productName = HelpfeelSkeleton2;
			productReference = A65B996C226D8D5A004F8EE8 /* HelpfeelSkeleton2.app */;
			productType = "com.apple.product-type.application";
		};
		A65B9981226D8D5C004F8EE8 /* HelpfeelSkeleton2Tests */ = {
			isa = PBXNativeTarget;
			buildConfigurationList = A65B9999226D8D5C004F8EE8 /* Build configuration list for PBXNativeTarget "HelpfeelSkeleton2Tests" */;
			buildPhases = (
				A65B997E226D8D5C004F8EE8 /* Sources */,
				A65B997F226D8D5C004F8EE8 /* Frameworks */,
				A65B9980226D8D5C004F8EE8 /* Resources */,
			);
			buildRules = (
			);
			dependencies = (
				A65B9984226D8D5C004F8EE8 /* PBXTargetDependency */,
			);
			name = HelpfeelSkeleton2Tests;
			productName = HelpfeelSkeleton2Tests;
			productReference = A65B9982226D8D5C004F8EE8 /* HelpfeelSkeleton2Tests.xctest */;
			productType = "com.apple.product-type.bundle.unit-test";
		};
		A65B998C226D8D5C004F8EE8 /* HelpfeelSkeleton2UITests */ = {
			isa = PBXNativeTarget;
			buildConfigurationList = A65B999C226D8D5C004F8EE8 /* Build configuration list for PBXNativeTarget "HelpfeelSkeleton2UITests" */;
			buildPhases = (
				A65B9989226D8D5C004F8EE8 /* Sources */,
				A65B998A226D8D5C004F8EE8 /* Frameworks */,
				A65B998B226D8D5C004F8EE8 /* Resources */,
			);
			buildRules = (
			);
			dependencies = (
				A65B998F226D8D5C004F8EE8 /* PBXTargetDependency */,
			);
			name = HelpfeelSkeleton2UITests;
			productName = HelpfeelSkeleton2UITests;
			productReference = A65B998D226D8D5C004F8EE8 /* HelpfeelSkeleton2UITests.xctest */;
			productType = "com.apple.product-type.bundle.ui-testing";
		};
/* End PBXNativeTarget section */

/* Begin PBXProject section */
		A65B9964226D8D5A004F8EE8 /* Project object */ = {
			isa = PBXProject;
			attributes = {
				LastSwiftUpdateCheck = 1010;
				LastUpgradeCheck = 1010;
				ORGANIZATIONNAME = daiiz;
				TargetAttributes = {
					A65B996B226D8D5A004F8EE8 = {
						CreatedOnToolsVersion = 10.1;
					};
					A65B9981226D8D5C004F8EE8 = {
						CreatedOnToolsVersion = 10.1;
						TestTargetID = A65B996B226D8D5A004F8EE8;
					};
					A65B998C226D8D5C004F8EE8 = {
						CreatedOnToolsVersion = 10.1;
						TestTargetID = A65B996B226D8D5A004F8EE8;
					};
				};
			};
			buildConfigurationList = A65B9967226D8D5A004F8EE8 /* Build configuration list for PBXProject "HelpfeelSkeleton2" */;
			compatibilityVersion = "Xcode 9.3";
			developmentRegion = en;
			hasScannedForEncodings = 0;
			knownRegions = (
				en,
				Base,
			);
			mainGroup = A65B9963226D8D5A004F8EE8;
			productRefGroup = A65B996D226D8D5A004F8EE8 /* Products */;
			projectDirPath = "";
			projectRoot = "";
			targets = (
				A65B996B226D8D5A004F8EE8 /* HelpfeelSkeleton2 */,
				A65B9981226D8D5C004F8EE8 /* HelpfeelSkeleton2Tests */,
				A65B998C226D8D5C004F8EE8 /* HelpfeelSkeleton2UITests */,
			);
		};
/* End PBXProject section */

/* Begin PBXResourcesBuildPhase section */
		A65B996A226D8D5A004F8EE8 /* Resources */ = {
			isa = PBXResourcesBuildPhase;
			buildActionMask = 2147483647;
			files = (
				A65B997C226D8D5C004F8EE8 /* LaunchScreen.storyboard in Resources */,
				A65B9979226D8D5C004F8EE8 /* Assets.xcassets in Resources */,
				A65B9977226D8D5A004F8EE8 /* Main.storyboard in Resources */,
			);
			runOnlyForDeploymentPostprocessing = 0;
		};
		A65B9980226D8D5C004F8EE8 /* Resources */ = {
			isa = PBXResourcesBuildPhase;
			buildActionMask = 2147483647;
			files = (
			);
			runOnlyForDeploymentPostprocessing = 0;
		};
		A65B998B226D8D5C004F8EE8 /* Resources */ = {
			isa = PBXResourcesBuildPhase;
			buildActionMask = 2147483647;
			files = (
			);
			runOnlyForDeploymentPostprocessing = 0;
		};
/* End PBXResourcesBuildPhase section */

/* Begin PBXSourcesBuildPhase section */
		A65B9968226D8D5A004F8EE8 /* Sources */ = {
			isa = PBXSourcesBuildPhase;
			buildActionMask = 2147483647;
			files = (
				A65B9974226D8D5A004F8EE8 /* DetailViewController.swift in Sources */,
				A65B9972226D8D5A004F8EE8 /* MasterViewController.swift in Sources */,
				A65B9970226D8D5A004F8EE8 /* AppDelegate.swift in Sources */,
				A65B99A5226DAB23004F8EE8 /* HelpfeelViewController.swift in Sources */,
			);
			runOnlyForDeploymentPostprocessing = 0;
		};
		A65B997E226D8D5C004F8EE8 /* Sources */ = {
			isa = PBXSourcesBuildPhase;
			buildActionMask = 2147483647;
			files = (
				A65B9987226D8D5C004F8EE8 /* HelpfeelSkeleton2Tests.swift in Sources */,
			);
			runOnlyForDeploymentPostprocessing = 0;
		};
		A65B9989226D8D5C004F8EE8 /* Sources */ = {
			isa = PBXSourcesBuildPhase;
			buildActionMask = 2147483647;
			files = (
				A65B9992226D8D5C004F8EE8 /* HelpfeelSkeleton2UITests.swift in Sources */,
			);
			runOnlyForDeploymentPostprocessing = 0;
		};
/* End PBXSourcesBuildPhase section */

/* Begin PBXTargetDependency section */
		A65B9984226D8D5C004F8EE8 /* PBXTargetDependency */ = {
			isa = PBXTargetDependency;
			target = A65B996B226D8D5A004F8EE8 /* HelpfeelSkeleton2 */;
			targetProxy = A65B9983226D8D5C004F8EE8 /* PBXContainerItemProxy */;
		};
		A65B998F226D8D5C004F8EE8 /* PBXTargetDependency */ = {
			isa = PBXTargetDependency;
			target = A65B996B226D8D5A004F8EE8 /* HelpfeelSkeleton2 */;
			targetProxy = A65B998E226D8D5C004F8EE8 /* PBXContainerItemProxy */;
		};
/* End PBXTargetDependency section */

/* Begin PBXVariantGroup section */
		A65B9975226D8D5A004F8EE8 /* Main.storyboard */ = {
			isa = PBXVariantGroup;
			children = (
				A65B9976226D8D5A004F8EE8 /* Base */,
			);
			name = Main.storyboard;
			sourceTree = "<group>";
		};
		A65B997A226D8D5C004F8EE8 /* LaunchScreen.storyboard */ = {
			isa = PBXVariantGroup;
			children = (
				A65B997B226D8D5C004F8EE8 /* Base */,
			);
			name = LaunchScreen.storyboard;
			sourceTree = "<group>";
		};
/* End PBXVariantGroup section */

/* Begin XCBuildConfiguration section */
		A65B9994226D8D5C004F8EE8 /* Debug */ = {
			isa = XCBuildConfiguration;
			buildSettings = {
				ALWAYS_SEARCH_USER_PATHS = NO;
				CLANG_ANALYZER_NONNULL = YES;
				CLANG_ANALYZER_NUMBER_OBJECT_CONVERSION = YES_AGGRESSIVE;
				CLANG_CXX_LANGUAGE_STANDARD = "gnu++14";
				CLANG_CXX_LIBRARY = "libc++";
				CLANG_ENABLE_MODULES = YES;
				CLANG_ENABLE_OBJC_ARC = YES;
				CLANG_ENABLE_OBJC_WEAK = YES;
				CLANG_WARN_BLOCK_CAPTURE_AUTORELEASING = YES;
				CLANG_WARN_BOOL_CONVERSION = YES;
				CLANG_WARN_COMMA = YES;
				CLANG_WARN_CONSTANT_CONVERSION = YES;
				CLANG_WARN_DEPRECATED_OBJC_IMPLEMENTATIONS = YES;
				CLANG_WARN_DIRECT_OBJC_ISA_USAGE = YES_ERROR;
				CLANG_WARN_DOCUMENTATION_COMMENTS = YES;
				CLANG_WARN_EMPTY_BODY = YES;
				CLANG_WARN_ENUM_CONVERSION = YES;
				CLANG_WARN_INFINITE_RECURSION = YES;
				CLANG_WARN_INT_CONVERSION = YES;
				CLANG_WARN_NON_LITERAL_NULL_CONVERSION = YES;
				CLANG_WARN_OBJC_IMPLICIT_RETAIN_SELF = YES;
				CLANG_WARN_OBJC_LITERAL_CONVERSION = YES;
				CLANG_WARN_OBJC_ROOT_CLASS = YES_ERROR;
				CLANG_WARN_RANGE_LOOP_ANALYSIS = YES;
				CLANG_WARN_STRICT_PROTOTYPES = YES;
				CLANG_WARN_SUSPICIOUS_MOVE = YES;
				CLANG_WARN_UNGUARDED_AVAILABILITY = YES_AGGRESSIVE;
				CLANG_WARN_UNREACHABLE_CODE = YES;
				CLANG_WARN__DUPLICATE_METHOD_MATCH = YES;
				CODE_SIGN_IDENTITY = "iPhone Developer";
				COPY_PHASE_STRIP = NO;
				DEBUG_INFORMATION_FORMAT = dwarf;
				ENABLE_STRICT_OBJC_MSGSEND = YES;
				ENABLE_TESTABILITY = YES;
				GCC_C_LANGUAGE_STANDARD = gnu11;
				GCC_DYNAMIC_NO_PIC = NO;
				GCC_NO_COMMON_BLOCKS = YES;
				GCC_OPTIMIZATION_LEVEL = 0;
				GCC_PREPROCESSOR_DEFINITIONS = (
					"DEBUG=1",
					"$(inherited)",
				);
				GCC_WARN_64_TO_32_BIT_CONVERSION = YES;
				GCC_WARN_ABOUT_RETURN_TYPE = YES_ERROR;
				GCC_WARN_UNDECLARED_SELECTOR = YES;
				GCC_WARN_UNINITIALIZED_AUTOS = YES_AGGRESSIVE;
				GCC_WARN_UNUSED_FUNCTION = YES;
				GCC_WARN_UNUSED_VARIABLE = YES;
				IPHONEOS_DEPLOYMENT_TARGET = 12.1;
				MTL_ENABLE_DEBUG_INFO = INCLUDE_SOURCE;
				MTL_FAST_MATH = YES;
				ONLY_ACTIVE_ARCH = YES;
				SDKROOT = iphoneos;
				SWIFT_ACTIVE_COMPILATION_CONDITIONS = DEBUG;
				SWIFT_OPTIMIZATION_LEVEL = "-Onone";
			};
			name = Debug;
		};
		A65B9995226D8D5C004F8EE8 /* Release */ = {
			isa = XCBuildConfiguration;
			buildSettings = {
				ALWAYS_SEARCH_USER_PATHS = NO;
				CLANG_ANALYZER_NONNULL = YES;
				CLANG_ANALYZER_NUMBER_OBJECT_CONVERSION = YES_AGGRESSIVE;
				CLANG_CXX_LANGUAGE_STANDARD = "gnu++14";
				CLANG_CXX_LIBRARY = "libc++";
				CLANG_ENABLE_MODULES = YES;
				CLANG_ENABLE_OBJC_ARC = YES;
				CLANG_ENABLE_OBJC_WEAK = YES;
				CLANG_WARN_BLOCK_CAPTURE_AUTORELEASING = YES;
				CLANG_WARN_BOOL_CONVERSION = YES;
				CLANG_WARN_COMMA = YES;
				CLANG_WARN_CONSTANT_CONVERSION = YES;
				CLANG_WARN_DEPRECATED_OBJC_IMPLEMENTATIONS = YES;
				CLANG_WARN_DIRECT_OBJC_ISA_USAGE = YES_ERROR;
				CLANG_WARN_DOCUMENTATION_COMMENTS = YES;
				CLANG_WARN_EMPTY_BODY = YES;
				CLANG_WARN_ENUM_CONVERSION = YES;
				CLANG_WARN_INFINITE_RECURSION = YES;
				CLANG_WARN_INT_CONVERSION = YES;
				CLANG_WARN_NON_LITERAL_NULL_CONVERSION = YES;
				CLANG_WARN_OBJC_IMPLICIT_RETAIN_SELF = YES;
				CLANG_WARN_OBJC_LITERAL_CONVERSION = YES;
				CLANG_WARN_OBJC_ROOT_CLASS = YES_ERROR;
				CLANG_WARN_RANGE_LOOP_ANALYSIS = YES;
				CLANG_WARN_STRICT_PROTOTYPES = YES;
				CLANG_WARN_SUSPICIOUS_MOVE = YES;
				CLANG_WARN_UNGUARDED_AVAILABILITY = YES_AGGRESSIVE;
				CLANG_WARN_UNREACHABLE_CODE = YES;
				CLANG_WARN__DUPLICATE_METHOD_MATCH = YES;
				CODE_SIGN_IDENTITY = "iPhone Developer";
				COPY_PHASE_STRIP = NO;
				DEBUG_INFORMATION_FORMAT = "dwarf-with-dsym";
				ENABLE_NS_ASSERTIONS = NO;
				ENABLE_STRICT_OBJC_MSGSEND = YES;
				GCC_C_LANGUAGE_STANDARD = gnu11;
				GCC_NO_COMMON_BLOCKS = YES;
				GCC_WARN_64_TO_32_BIT_CONVERSION = YES;
				GCC_WARN_ABOUT_RETURN_TYPE = YES_ERROR;
				GCC_WARN_UNDECLARED_SELECTOR = YES;
				GCC_WARN_UNINITIALIZED_AUTOS = YES_AGGRESSIVE;
				GCC_WARN_UNUSED_FUNCTION = YES;
				GCC_WARN_UNUSED_VARIABLE = YES;
				IPHONEOS_DEPLOYMENT_TARGET = 12.1;
				MTL_ENABLE_DEBUG_INFO = NO;
				MTL_FAST_MATH = YES;
				SDKROOT = iphoneos;
				SWIFT_COMPILATION_MODE = wholemodule;
				SWIFT_OPTIMIZATION_LEVEL = "-O";
				VALIDATE_PRODUCT = YES;
			};
			name = Release;
		};
		A65B9997226D8D5C004F8EE8 /* Debug */ = {
			isa = XCBuildConfiguration;
			buildSettings = {
				ASSETCATALOG_COMPILER_APPICON_NAME = AppIcon;
				CODE_SIGN_STYLE = Automatic;
				DEVELOPMENT_TEAM = 67ABRYH4T5;
				INFOPLIST_FILE = HelpfeelSkeleton2/Info.plist;
				LD_RUNPATH_SEARCH_PATHS = (
					"$(inherited)",
					"@executable_path/Frameworks",
				);
				PRODUCT_BUNDLE_IDENTIFIER = org.daiiz.HelpfeelSkeleton2;
				PRODUCT_NAME = "$(TARGET_NAME)";
				SWIFT_VERSION = 4.2;
				TARGETED_DEVICE_FAMILY = "1,2";
			};
			name = Debug;
		};
		A65B9998226D8D5C004F8EE8 /* Release */ = {
			isa = XCBuildConfiguration;
			buildSettings = {
				ASSETCATALOG_COMPILER_APPICON_NAME = AppIcon;
				CODE_SIGN_STYLE = Automatic;
				DEVELOPMENT_TEAM = 67ABRYH4T5;
				INFOPLIST_FILE = HelpfeelSkeleton2/Info.plist;
				LD_RUNPATH_SEARCH_PATHS = (
					"$(inherited)",
					"@executable_path/Frameworks",
				);
				PRODUCT_BUNDLE_IDENTIFIER = org.daiiz.HelpfeelSkeleton2;
				PRODUCT_NAME = "$(TARGET_NAME)";
				SWIFT_VERSION = 4.2;
				TARGETED_DEVICE_FAMILY = "1,2";
			};
			name = Release;
		};
		A65B999A226D8D5C004F8EE8 /* Debug */ = {
			isa = XCBuildConfiguration;
			buildSettings = {
				ALWAYS_EMBED_SWIFT_STANDARD_LIBRARIES = YES;
				BUNDLE_LOADER = "$(TEST_HOST)";
				CODE_SIGN_STYLE = Automatic;
				DEVELOPMENT_TEAM = 67ABRYH4T5;
				INFOPLIST_FILE = HelpfeelSkeleton2Tests/Info.plist;
				LD_RUNPATH_SEARCH_PATHS = (
					"$(inherited)",
					"@executable_path/Frameworks",
					"@loader_path/Frameworks",
				);
				PRODUCT_BUNDLE_IDENTIFIER = org.daiiz.HelpfeelSkeleton2Tests;
				PRODUCT_NAME = "$(TARGET_NAME)";
				SWIFT_VERSION = 4.2;
				TARGETED_DEVICE_FAMILY = "1,2";
				TEST_HOST = "$(BUILT_PRODUCTS_DIR)/HelpfeelSkeleton2.app/HelpfeelSkeleton2";
			};
			name = Debug;
		};
		A65B999B226D8D5C004F8EE8 /* Release */ = {
			isa = XCBuildConfiguration;
			buildSettings = {
				ALWAYS_EMBED_SWIFT_STANDARD_LIBRARIES = YES;
				BUNDLE_LOADER = "$(TEST_HOST)";
				CODE_SIGN_STYLE = Automatic;
				DEVELOPMENT_TEAM = 67ABRYH4T5;
				INFOPLIST_FILE = HelpfeelSkeleton2Tests/Info.plist;
				LD_RUNPATH_SEARCH_PATHS = (
					"$(inherited)",
					"@executable_path/Frameworks",
					"@loader_path/Frameworks",
				);
				PRODUCT_BUNDLE_IDENTIFIER = org.daiiz.HelpfeelSkeleton2Tests;
				PRODUCT_NAME = "$(TARGET_NAME)";
				SWIFT_VERSION = 4.2;
				TARGETED_DEVICE_FAMILY = "1,2";
				TEST_HOST = "$(BUILT_PRODUCTS_DIR)/HelpfeelSkeleton2.app/HelpfeelSkeleton2";
			};
			name = Release;
		};
		A65B999D226D8D5C004F8EE8 /* Debug */ = {
			isa = XCBuildConfiguration;
			buildSettings = {
				ALWAYS_EMBED_SWIFT_STANDARD_LIBRARIES = YES;
				CODE_SIGN_STYLE = Automatic;
				DEVELOPMENT_TEAM = 67ABRYH4T5;
				INFOPLIST_FILE = HelpfeelSkeleton2UITests/Info.plist;
				LD_RUNPATH_SEARCH_PATHS = (
					"$(inherited)",
					"@executable_path/Frameworks",
					"@loader_path/Frameworks",
				);
				PRODUCT_BUNDLE_IDENTIFIER = org.daiiz.HelpfeelSkeleton2UITests;
				PRODUCT_NAME = "$(TARGET_NAME)";
				SWIFT_VERSION = 4.2;
				TARGETED_DEVICE_FAMILY = "1,2";
				TEST_TARGET_NAME = HelpfeelSkeleton2;
			};
			name = Debug;
		};
		A65B999E226D8D5C004F8EE8 /* Release */ = {
			isa = XCBuildConfiguration;
			buildSettings = {
				ALWAYS_EMBED_SWIFT_STANDARD_LIBRARIES = YES;
				CODE_SIGN_STYLE = Automatic;
				DEVELOPMENT_TEAM = 67ABRYH4T5;
				INFOPLIST_FILE = HelpfeelSkeleton2UITests/Info.plist;
				LD_RUNPATH_SEARCH_PATHS = (
					"$(inherited)",
					"@executable_path/Frameworks",
					"@loader_path/Frameworks",
				);
				PRODUCT_BUNDLE_IDENTIFIER = org.daiiz.HelpfeelSkeleton2UITests;
				PRODUCT_NAME = "$(TARGET_NAME)";
				SWIFT_VERSION = 4.2;
				TARGETED_DEVICE_FAMILY = "1,2";
				TEST_TARGET_NAME = HelpfeelSkeleton2;
			};
			name = Release;
		};
/* End XCBuildConfiguration section */

/* Begin XCConfigurationList section */
		A65B9967226D8D5A004F8EE8 /* Build configuration list for PBXProject "HelpfeelSkeleton2" */ = {
			isa = XCConfigurationList;
			buildConfigurations = (
				A65B9994226D8D5C004F8EE8 /* Debug */,
				A65B9995226D8D5C004F8EE8 /* Release */,
			);
			defaultConfigurationIsVisible = 0;
			defaultConfigurationName = Release;
		};
		A65B9996226D8D5C004F8EE8 /* Build configuration list for PBXNativeTarget "HelpfeelSkeleton2" */ = {
			isa = XCConfigurationList;
			buildConfigurations = (
				A65B9997226D8D5C004F8EE8 /* Debug */,
				A65B9998226D8D5C004F8EE8 /* Release */,
			);
			defaultConfigurationIsVisible = 0;
			defaultConfigurationName = Release;
		};
		A65B9999226D8D5C004F8EE8 /* Build configuration list for PBXNativeTarget "HelpfeelSkeleton2Tests" */ = {
			isa = XCConfigurationList;
			buildConfigurations = (
				A65B999A226D8D5C004F8EE8 /* Debug */,
				A65B999B226D8D5C004F8EE8 /* Release */,
			);
			defaultConfigurationIsVisible = 0;
			defaultConfigurationName = Release;
		};
		A65B999C226D8D5C004F8EE8 /* Build configuration list for PBXNativeTarget "HelpfeelSkeleton2UITests" */ = {
			isa = XCConfigurationList;
			buildConfigurations = (
				A65B999D226D8D5C004F8EE8 /* Debug */,
				A65B999E226D8D5C004F8EE8 /* Release */,
			);
			defaultConfigurationIsVisible = 0;
			defaultConfigurationName = Release;
		};
/* End XCConfigurationList section */
	};
	rootObject = A65B9964226D8D5A004F8EE8 /* Project object */;
}
